{
  "name": "test",
  "lockfileVersion": 2,
  "requires": true,
  "packages": {
    "": {
      "dependencies": {
        "bobservo-frame-print": "^1.0.0"
      }
    },
    "node_modules/bobservo-frame-print": {
      "version": "1.0.0",
      "resolved": "https://registry.npmjs.org/bobservo-frame-print/-/bobservo-frame-print-1.0.0.tgz",
      "integrity": "sha512-UtodKuD7L2+VFzZmSp3tu3QZAafte1jWEVc5jHznJnUKHMU6cJVRAeJx14uAak+2D4F7lAu0wV2bl92VIdzUMw=="
    }
  },
  "dependencies": {
    "bobservo-frame-print": {
      "version": "1.0.0",
      "resolved": "https://registry.npmjs.org/bobservo-frame-print/-/bobservo-frame-print-1.0.0.tgz",
      "integrity": "sha512-UtodKuD7L2+VFzZmSp3tu3QZAafte1jWEVc5jHznJnUKHMU6cJVRAeJx14uAak+2D4F7lAu0wV2bl92VIdzUMw=="
    }
  }
}
